
Microsoft Visual Studio Solution File, Format Version 12.00
Project("{FAE04EC0-301F-11D3-BF4B-00C04F79EFBC}") = "MagmaSystems.EventManager", "MagmaSystems.EventManager\MagmaSystems.EventManager.csproj", "{BCA7EC5E-0BB1-4403-94A8-0532C974A7C7}"
EndProject
Project("{FAE04EC0-301F-11D3-BF4B-00C04F79EFBC}") = "MagmaSystems.EventManager.Tests", "MagmaSystems.EventManager.Tests\MagmaSystems.EventManager.Tests.csproj", "{46648D81-695C-4C07-B729-CF897AC3DB5C}"
EndProject
Global
	GlobalSection(SolutionConfigurationPlatforms) = preSolution
		Debug|Any CPU = Debug|Any CPU
		Release|Any CPU = Release|Any CPU
	EndGlobalSection
	GlobalSection(ProjectConfigurationPlatforms) = postSolution
		{BCA7EC5E-0BB1-4403-94A8-0532C974A7C7}.Debug|Any CPU.ActiveCfg = Debug|Any CPU
		{BCA7EC5E-0BB1-4403-94A8-0532C974A7C7}.Debug|Any CPU.Build.0 = Debug|Any CPU
		{BCA7EC5E-0BB1-4403-94A8-0532C974A7C7}.Release|Any CPU.ActiveCfg = Release|Any CPU
		{BCA7EC5E-0BB1-4403-94A8-0532C974A7C7}.Release|Any CPU.Build.0 = Release|Any CPU
		{46648D81-695C-4C07-B729-CF897AC3DB5C}.Debug|Any CPU.ActiveCfg = Debug|Any CPU
		{46648D81-695C-4C07-B729-CF897AC3DB5C}.Debug|Any CPU.Build.0 = Debug|Any CPU
		{46648D81-695C-4C07-B729-CF897AC3DB5C}.Release|Any CPU.ActiveCfg = Release|Any CPU
		{46648D81-695C-4C07-B729-CF897AC3DB5C}.Release|Any CPU.Build.0 = Release|Any CPU
	EndGlobalSection
EndGlobal
